Microsoft Visual Studio Solution File, Format Version 11.00
# Visual Studio 2008

Project("{15235539-1DBE-5EA1-847C-3058CEA4BF9A}") = "BullPenPrototype", "Assembly-CSharp.csproj", "{7562B795-5107-7B80-48AB-318AAC8F73AB}"
EndProject
Global
	GlobalSection(SolutionConfigurationPlatforms) = preSolution
		Debug|Any CPU = Debug|Any CPU
		Release|Any CPU = Release|Any CPU
	EndGlobalSection
	GlobalSection(ProjectConfigurationPlatforms) = postSolution
		{7562B795-5107-7B80-48AB-318AAC8F73AB}.Debug|Any CPU.ActiveCfg = Debug|Any CPU
		{7562B795-5107-7B80-48AB-318AAC8F73AB}.Debug|Any CPU.Build.0 = Debug|Any CPU
		{7562B795-5107-7B80-48AB-318AAC8F73AB}.Release|Any CPU.ActiveCfg = Release|Any CPU
		{7562B795-5107-7B80-48AB-318AAC8F73AB}.Release|Any CPU.Build.0 = Release|Any CPU
	EndGlobalSection
	GlobalSection(SolutionProperties) = preSolution
		HideSolutionNode = FALSE
	EndGlobalSection
	GlobalSection(MonoDevelopProperties) = preSolution
		StartupItem = Assembly-CSharp.csproj
	EndGlobalSection
EndGlobal
